// !$*UTF8*$!
{
	archiveVersion = 1;
	classes = {
	};
	objectVersion = 46;
	objects = {

/* Begin PBXBuildFile section */
		E80590931E1E20E80083F222 /* nav_list_pre.png in Resources */ = {isa = PBXBuildFile; fileRef = E80590921E1E20E80083F222 /* nav_list_pre.png */; };
		E80590A21E1E2CE90083F222 /* AFHTTPSessionManager.m in Sources */ = {isa = PBXBuildFile; fileRef = E80590961E1E2CE90083F222 /* AFHTTPSessionManager.m */; };
		E80590A31E1E2CE90083F222 /* AFNetworkReachabilityManager.m in Sources */ = {isa = PBXBuildFile; fileRef = E80590991E1E2CE90083F222 /* AFNetworkReachabilityManager.m */; };
		E80590A41E1E2CE90083F222 /* AFSecurityPolicy.m in Sources */ = {isa = PBXBuildFile; fileRef = E805909B1E1E2CE90083F222 /* AFSecurityPolicy.m */; };
		E80590A51E1E2CE90083F222 /* AFURLRequestSerialization.m in Sources */ = {isa = PBXBuildFile; fileRef = E805909D1E1E2CE90083F222 /* AFURLRequestSerialization.m */; };
		E80590A61E1E2CE90083F222 /* AFURLResponseSerialization.m in Sources */ = {isa = PBXBuildFile; fileRef = E805909F1E1E2CE90083F222 /* AFURLResponseSerialization.m */; };
		E80590A71E1E2CE90083F222 /* AFURLSessionManager.m in Sources */ = {isa = PBXBuildFile; fileRef = E80590A11E1E2CE90083F222 /* AFURLSessionManager.m */; };
		E80590AA1E1E38C20083F222 /* Cell1.m in Sources */ = {isa = PBXBuildFile; fileRef = E80590A91E1E38C20083F222 /* Cell1.m */; };
		E80590AD1E1E38D00083F222 /* Cell2.m in Sources */ = {isa = PBXBuildFile; fileRef = E80590AC1E1E38D00083F222 /* Cell2.m */; };
		E80590B01E1E38E00083F222 /* Cell3.m in Sources */ = {isa = PBXBuildFile; fileRef = E80590AF1E1E38E00083F222 /* Cell3.m */; };
		E80590B31E1E38EE0083F222 /* Cell4.m in Sources */ = {isa = PBXBuildFile; fileRef = E80590B21E1E38EE0083F222 /* Cell4.m */; };
		E80590E11E1E3F260083F222 /* twoAir.m in Sources */ = {isa = PBXBuildFile; fileRef = E80590B61E1E3F260083F222 /* twoAir.m */; };
		E80590E21E1E3F260083F222 /* twoAqi.m in Sources */ = {isa = PBXBuildFile; fileRef = E80590B81E1E3F260083F222 /* twoAqi.m */; };
		E80590E31E1E3F260083F222 /* twoAstro.m in Sources */ = {isa = PBXBuildFile; fileRef = E80590BA1E1E3F260083F222 /* twoAstro.m */; };
		E80590E41E1E3F260083F222 /* twoBasic.m in Sources */ = {isa = PBXBuildFile; fileRef = E80590BC1E1E3F260083F222 /* twoBasic.m */; };
		E80590E51E1E3F260083F222 /* twoCity.m in Sources */ = {isa = PBXBuildFile; fileRef = E80590BE1E1E3F260083F222 /* twoCity.m */; };
		E80590E61E1E3F260083F222 /* twoComf.m in Sources */ = {isa = PBXBuildFile; fileRef = E80590C01E1E3F260083F222 /* twoComf.m */; };
		E80590E71E1E3F260083F222 /* twoCond.m in Sources */ = {isa = PBXBuildFile; fileRef = E80590C21E1E3F260083F222 /* twoCond.m */; };
		E80590E81E1E3F260083F222 /* twoCw.m in Sources */ = {isa = PBXBuildFile; fileRef = E80590C41E1E3F260083F222 /* twoCw.m */; };
		E80590E91E1E3F260083F222 /* twoDailyForecast.m in Sources */ = {isa = PBXBuildFile; fileRef = E80590C61E1E3F260083F222 /* twoDailyForecast.m */; };
		E80590EA1E1E3F260083F222 /* twoDrsg.m in Sources */ = {isa = PBXBuildFile; fileRef = E80590C81E1E3F260083F222 /* twoDrsg.m */; };
		E80590EB1E1E3F260083F222 /* twoFlu.m in Sources */ = {isa = PBXBuildFile; fileRef = E80590CA1E1E3F260083F222 /* twoFlu.m */; };
		E80590EC1E1E3F260083F222 /* twoHeWeather.m in Sources */ = {isa = PBXBuildFile; fileRef = E80590CC1E1E3F260083F222 /* twoHeWeather.m */; };
		E80590ED1E1E3F260083F222 /* twoHourlyForecast.m in Sources */ = {isa = PBXBuildFile; fileRef = E80590CE1E1E3F260083F222 /* twoHourlyForecast.m */; };
		E80590EE1E1E3F260083F222 /* twoModel.m in Sources */ = {isa = PBXBuildFile; fileRef = E80590D01E1E3F260083F222 /* twoModel.m */; };
		E80590EF1E1E3F260083F222 /* twoNow.m in Sources */ = {isa = PBXBuildFile; fileRef = E80590D21E1E3F260083F222 /* twoNow.m */; };
		E80590F01E1E3F260083F222 /* twoSport.m in Sources */ = {isa = PBXBuildFile; fileRef = E80590D41E1E3F260083F222 /* twoSport.m */; };
		E80590F11E1E3F260083F222 /* twoSuggestion.m in Sources */ = {isa = PBXBuildFile; fileRef = E80590D61E1E3F260083F222 /* twoSuggestion.m */; };
		E80590F21E1E3F260083F222 /* twoTmp.m in Sources */ = {isa = PBXBuildFile; fileRef = E80590D81E1E3F260083F222 /* twoTmp.m */; };
		E80590F31E1E3F260083F222 /* twoTrav.m in Sources */ = {isa = PBXBuildFile; fileRef = E80590DA1E1E3F260083F222 /* twoTrav.m */; };
		E80590F41E1E3F260083F222 /* twoUpdate.m in Sources */ = {isa = PBXBuildFile; fileRef = E80590DC1E1E3F260083F222 /* twoUpdate.m */; };
		E80590F51E1E3F260083F222 /* twoUv.m in Sources */ = {isa = PBXBuildFile; fileRef = E80590DE1E1E3F260083F222 /* twoUv.m */; };
		E80590F61E1E3F260083F222 /* twoWind.m in Sources */ = {isa = PBXBuildFile; fileRef = E80590E01E1E3F260083F222 /* twoWind.m */; };
		E80590F91E1E456B0083F222 /* AFN_Helper_Z.m in Sources */ = {isa = PBXBuildFile; fileRef = E80590F81E1E456B0083F222 /* AFN_Helper_Z.m */; };
		E80590FC1E1E461D0083F222 /* MyHttpModel.m in Sources */ = {isa = PBXBuildFile; fileRef = E80590FB1E1E461D0083F222 /* MyHttpModel.m */; };
		E8FFCB481E1E106500BDBF44 /* main.m in Sources */ = {isa = PBXBuildFile; fileRef = E8FFCB471E1E106500BDBF44 /* main.m */; };
		E8FFCB4B1E1E106500BDBF44 /* AppDelegate.m in Sources */ = {isa = PBXBuildFile; fileRef = E8FFCB4A1E1E106500BDBF44 /* AppDelegate.m */; };
		E8FFCB4E1E1E106500BDBF44 /* ViewController.m in Sources */ = {isa = PBXBuildFile; fileRef = E8FFCB4D1E1E106500BDBF44 /* ViewController.m */; };
		E8FFCB511E1E106500BDBF44 /* Main.storyboard in Resources */ = {isa = PBXBuildFile; fileRef = E8FFCB4F1E1E106500BDBF44 /* Main.storyboard */; };
		E8FFCB531E1E106500BDBF44 /* Assets.xcassets in Resources */ = {isa = PBXBuildFile; fileRef = E8FFCB521E1E106500BDBF44 /* Assets.xcassets */; };
		E8FFCB561E1E106500BDBF44 /* LaunchScreen.storyboard in Resources */ = {isa = PBXBuildFile; fileRef = E8FFCB541E1E106500BDBF44 /* LaunchScreen.storyboard */; };
		E8FFCB611E1E106500BDBF44 /* coolweather_iosTests.m in Sources */ = {isa = PBXBuildFile; fileRef = E8FFCB601E1E106500BDBF44 /* coolweather_iosTests.m */; };
		E8FFCB6C1E1E106500BDBF44 /* coolweather_iosUITests.m in Sources */ = {isa = PBXBuildFile; fileRef = E8FFCB6B1E1E106500BDBF44 /* coolweather_iosUITests.m */; };
		E8FFCB871E1E158800BDBF44 /* SiderbarVC.m in Sources */ = {isa = PBXBuildFile; fileRef = E8FFCB861E1E158800BDBF44 /* SiderbarVC.m */; };
		E8FFCB8B1E1E15B800BDBF44 /* LLBlurSidebar.m in Sources */ = {isa = PBXBuildFile; fileRef = E8FFCB8A1E1E15B800BDBF44 /* LLBlurSidebar.m */; settings = {COMPILER_FLAGS = "-fno-objc-arc"; }; };
/* End PBXBuildFile section */

/* Begin PBXContainerItemProxy section */
		E8FFCB5D1E1E106500BDBF44 /* PBXContainerItemProxy */ = {
			isa = PBXContainerItemProxy;
			containerPortal = E8FFCB3B1E1E106400BDBF44 /* Project object */;
			proxyType = 1;
			remoteGlobalIDString = E8FFCB421E1E106400BDBF44;
			remoteInfo = "coolweather-ios";
		};
		E8FFCB681E1E106500BDBF44 /* PBXContainerItemProxy */ = {
			isa = PBXContainerItemProxy;
			containerPortal = E8FFCB3B1E1E106400BDBF44 /* Project object */;
			proxyType = 1;
			remoteGlobalIDString = E8FFCB421E1E106400BDBF44;
			remoteInfo = "coolweather-ios";
		};
/* End PBXContainerItemProxy section */

/* Begin PBXFileReference section */
		E80590921E1E20E80083F222 /* nav_list_pre.png */ = {isa = PBXFileReference; lastKnownFileType = image.png; path = nav_list_pre.png; sourceTree = "<group>"; };
		E80590951E1E2CE90083F222 /* AFHTTPSessionManager.h */ = {isa = PBXFileReference; fileEncoding = 4; lastKnownFileType = sourcecode.c.h; path = AFHTTPSessionManager.h; sourceTree = "<group>"; };
		E80590961E1E2CE90083F222 /* AFHTTPSessionManager.m */ = {isa = PBXFileReference; fileEncoding = 4; lastKnownFileType = sourcecode.c.objc; path = AFHTTPSessionManager.m; sourceTree = "<group>"; };
		E80590971E1E2CE90083F222 /* AFNetworking.h */ = {isa = PBXFileReference; fileEncoding = 4; lastKnownFileType = sourcecode.c.h; path = AFNetworking.h; sourceTree = "<group>"; };
		E80590981E1E2CE90083F222 /* AFNetworkReachabilityManager.h */ = {isa = PBXFileReference; fileEncoding = 4; lastKnownFileType = sourcecode.c.h; path = AFNetworkReachabilityManager.h; sourceTree = "<group>"; };
		E80590991E1E2CE90083F222 /* AFNetworkReachabilityManager.m */ = {isa = PBXFileReference; fileEncoding = 4; lastKnownFileType = sourcecode.c.objc; path = AFNetworkReachabilityManager.m; sourceTree = "<group>"; };
		E805909A1E1E2CE90083F222 /* AFSecurityPolicy.h */ = {isa = PBXFileReference; fileEncoding = 4; lastKnownFileType = sourcecode.c.h; path = AFSecurityPolicy.h; sourceTree = "<group>"; };
		E805909B1E1E2CE90083F222 /* AFSecurityPolicy.m */ = {isa = PBXFileReference; fileEncoding = 4; lastKnownFileType = sourcecode.c.objc; path = AFSecurityPolicy.m; sourceTree = "<group>"; };
		E805909C1E1E2CE90083F222 /* AFURLRequestSerialization.h */ = {isa = PBXFileReference; fileEncoding = 4; lastKnownFileType = sourcecode.c.h; path = AFURLRequestSerialization.h; sourceTree = "<group>"; };
		E805909D1E1E2CE90083F222 /* AFURLRequestSerialization.m */ = {isa = PBXFileReference; fileEncoding = 4; lastKnownFileType = sourcecode.c.objc; path = AFURLRequestSerialization.m; sourceTree = "<group>"; };
		E805909E1E1E2CE90083F222 /* AFURLResponseSerialization.h */ = {isa = PBXFileReference; fileEncoding = 4; lastKnownFileType = sourcecode.c.h; path = AFURLResponseSerialization.h; sourceTree = "<group>"; };
		E805909F1E1E2CE90083F222 /* AFURLResponseSerialization.m */ = {isa = PBXFileReference; fileEncoding = 4; lastKnownFileType = sourcecode.c.objc; path = AFURLResponseSerialization.m; sourceTree = "<group>"; };
		E80590A01E1E2CE90083F222 /* AFURLSessionManager.h */ = {isa = PBXFileReference; fileEncoding = 4; lastKnownFileType = sourcecode.c.h; path = AFURLSessionManager.h; sourceTree = "<group>"; };
		E80590A11E1E2CE90083F222 /* AFURLSessionManager.m */ = {isa = PBXFileReference; fileEncoding = 4; lastKnownFileType = sourcecode.c.objc; path = AFURLSessionManager.m; sourceTree = "<group>"; };
		E80590A81E1E38C20083F222 /* Cell1.h */ = {isa = PBXFileReference; fileEncoding = 4; lastKnownFileType = sourcecode.c.h; path = Cell1.h; sourceTree = "<group>"; };
		E80590A91E1E38C20083F222 /* Cell1.m */ = {isa = PBXFileReference; fileEncoding = 4; lastKnownFileType = sourcecode.c.objc; path = Cell1.m; sourceTree = "<group>"; };
		E80590AB1E1E38D00083F222 /* Cell2.h */ = {isa = PBXFileReference; fileEncoding = 4; lastKnownFileType = sourcecode.c.h; path = Cell2.h; sourceTree = "<group>"; };
		E80590AC1E1E38D00083F222 /* Cell2.m */ = {isa = PBXFileReference; fileEncoding = 4; lastKnownFileType = sourcecode.c.objc; path = Cell2.m; sourceTree = "<group>"; };
		E80590AE1E1E38E00083F222 /* Cell3.h */ = {isa = PBXFileReference; fileEncoding = 4; lastKnownFileType = sourcecode.c.h; path = Cell3.h; sourceTree = "<group>"; };
		E80590AF1E1E38E00083F222 /* Cell3.m */ = {isa = PBXFileReference; fileEncoding = 4; lastKnownFileType = sourcecode.c.objc; path = Cell3.m; sourceTree = "<group>"; };
		E80590B11E1E38EE0083F222 /* Cell4.h */ = {isa = PBXFileReference; fileEncoding = 4; lastKnownFileType = sourcecode.c.h; path = Cell4.h; sourceTree = "<group>"; };
		E80590B21E1E38EE0083F222 /* Cell4.m */ = {isa = PBXFileReference; fileEncoding = 4; lastKnownFileType = sourcecode.c.objc; path = Cell4.m; sourceTree = "<group>"; };
		E80590B41E1E3F260083F222 /* DataModels.h */ = {isa = PBXFileReference; fileEncoding = 4; lastKnownFileType = sourcecode.c.h; path = DataModels.h; sourceTree = "<group>"; };
		E80590B51E1E3F260083F222 /* twoAir.h */ = {isa = PBXFileReference; fileEncoding = 4; lastKnownFileType = sourcecode.c.h; path = twoAir.h; sourceTree = "<group>"; };
		E80590B61E1E3F260083F222 /* twoAir.m */ = {isa = PBXFileReference; fileEncoding = 4; lastKnownFileType = sourcecode.c.objc; path = twoAir.m; sourceTree = "<group>"; };
		E80590B71E1E3F260083F222 /* twoAqi.h */ = {isa = PBXFileReference; fileEncoding = 4; lastKnownFileType = sourcecode.c.h; path = twoAqi.h; sourceTree = "<group>"; };
		E80590B81E1E3F260083F222 /* twoAqi.m */ = {isa = PBXFileReference; fileEncoding = 4; lastKnownFileType = sourcecode.c.objc; path = twoAqi.m; sourceTree = "<group>"; };
		E80590B91E1E3F260083F222 /* twoAstro.h */ = {isa = PBXFileReference; fileEncoding = 4; lastKnownFileType = sourcecode.c.h; path = twoAstro.h; sourceTree = "<group>"; };
		E80590BA1E1E3F260083F222 /* twoAstro.m */ = {isa = PBXFileReference; fileEncoding = 4; lastKnownFileType = sourcecode.c.objc; path = twoAstro.m; sourceTree = "<group>"; };
		E80590BB1E1E3F260083F222 /* twoBasic.h */ = {isa = PBXFileReference; fileEncoding = 4; lastKnownFileType = sourcecode.c.h; path = twoBasic.h; sourceTree = "<group>"; };
		E80590BC1E1E3F260083F222 /* twoBasic.m */ = {isa = PBXFileReference; fileEncoding = 4; lastKnownFileType = sourcecode.c.objc; path = twoBasic.m; sourceTree = "<group>"; };
		E80590BD1E1E3F260083F222 /* twoCity.h */ = {isa = PBXFileReference; fileEncoding = 4; lastKnownFileType = sourcecode.c.h; path = twoCity.h; sourceTree = "<group>"; };
		E80590BE1E1E3F260083F222 /* twoCity.m */ = {isa = PBXFileReference; fileEncoding = 4; lastKnownFileType = sourcecode.c.objc; path = twoCity.m; sourceTree = "<group>"; };
		E80590BF1E1E3F260083F222 /* twoComf.h */ = {isa = PBXFileReference; fileEncoding = 4; lastKnownFileType = sourcecode.c.h; path = twoComf.h; sourceTree = "<group>"; };
		E80590C01E1E3F260083F222 /* twoComf.m */ = {isa = PBXFileReference; fileEncoding = 4; lastKnownFileType = sourcecode.c.objc; path = twoComf.m; sourceTree = "<group>"; };
		E80590C11E1E3F260083F222 /* twoCond.h */ = {isa = PBXFileReference; fileEncoding = 4; lastKnownFileType = sourcecode.c.h; path = twoCond.h; sourceTree = "<group>"; };
		E80590C21E1E3F260083F222 /* twoCond.m */ = {isa = PBXFileReference; fileEncoding = 4; lastKnownFileType = sourcecode.c.objc; path = twoCond.m; sourceTree = "<group>"; };
		E80590C31E1E3F260083F222 /* twoCw.h */ = {isa = PBXFileReference; fileEncoding = 4; lastKnownFileType = sourcecode.c.h; path = twoCw.h; sourceTree = "<group>"; };
		E80590C41E1E3F260083F222 /* twoCw.m */ = {isa = PBXFileReference; fileEncoding = 4; lastKnownFileType = sourcecode.c.objc; path = twoCw.m; sourceTree = "<group>"; };
		E80590C51E1E3F260083F222 /* twoDailyForecast.h */ = {isa = PBXFileReference; fileEncoding = 4; lastKnownFileType = sourcecode.c.h; path = twoDailyForecast.h; sourceTree = "<group>"; };
		E80590C61E1E3F260083F222 /* twoDailyForecast.m */ = {isa = PBXFileReference; fileEncoding = 4; lastKnownFileType = sourcecode.c.objc; path = twoDailyForecast.m; sourceTree = "<group>"; };
		E80590C71E1E3F260083F222 /* twoDrsg.h */ = {isa = PBXFileReference; fileEncoding = 4; lastKnownFileType = sourcecode.c.h; path = twoDrsg.h; sourceTree = "<group>"; };
		E80590C81E1E3F260083F222 /* twoDrsg.m */ = {isa = PBXFileReference; fileEncoding = 4; lastKnownFileType = sourcecode.c.objc; path = twoDrsg.m; sourceTree = "<group>"; };
		E80590C91E1E3F260083F222 /* twoFlu.h */ = {isa = PBXFileReference; fileEncoding = 4; lastKnownFileType = sourcecode.c.h; path = twoFlu.h; sourceTree = "<group>"; };
		E80590CA1E1E3F260083F222 /* twoFlu.m */ = {isa = PBXFileReference; fileEncoding = 4; lastKnownFileType = sourcecode.c.objc; path = twoFlu.m; sourceTree = "<group>"; };
		E80590CB1E1E3F260083F222 /* twoHeWeather.h */ = {isa = PBXFileReference; fileEncoding = 4; lastKnownFileType = sourcecode.c.h; path = twoHeWeather.h; sourceTree = "<group>"; };
		E80590CC1E1E3F260083F222 /* twoHeWeather.m */ = {isa = PBXFileReference; fileEncoding = 4; lastKnownFileType = sourcecode.c.objc; path = twoHeWeather.m; sourceTree = "<group>"; };
		E80590CD1E1E3F260083F222 /* twoHourlyForecast.h */ = {isa = PBXFileReference; fileEncoding = 4; lastKnownFileType = sourcecode.c.h; path = twoHourlyForecast.h; sourceTree = "<group>"; };
		E80590CE1E1E3F260083F222 /* twoHourlyForecast.m */ = {isa = PBXFileReference; fileEncoding = 4; lastKnownFileType = sourcecode.c.objc; path = twoHourlyForecast.m; sourceTree = "<group>"; };
		E80590CF1E1E3F260083F222 /* twoModel.h */ = {isa = PBXFileReference; fileEncoding = 4; lastKnownFileType = sourcecode.c.h; path = twoModel.h; sourceTree = "<group>"; };
		E80590D01E1E3F260083F222 /* twoModel.m */ = {isa = PBXFileReference; fileEncoding = 4; lastKnownFileType = sourcecode.c.objc; path = twoModel.m; sourceTree = "<group>"; };
		E80590D11E1E3F260083F222 /* twoNow.h */ = {isa = PBXFileReference; fileEncoding = 4; lastKnownFileType = sourcecode.c.h; path = twoNow.h; sourceTree = "<group>"; };
		E80590D21E1E3F260083F222 /* twoNow.m */ = {isa = PBXFileReference; fileEncoding = 4; lastKnownFileType = sourcecode.c.objc; path = twoNow.m; sourceTree = "<group>"; };
		E80590D31E1E3F260083F222 /* twoSport.h */ = {isa = PBXFileReference; fileEncoding = 4; lastKnownFileType = sourcecode.c.h; path = twoSport.h; sourceTree = "<group>"; };
		E80590D41E1E3F260083F222 /* twoSport.m */ = {isa = PBXFileReference; fileEncoding = 4; lastKnownFileType = sourcecode.c.objc; path = twoSport.m; sourceTree = "<group>"; };
		E80590D51E1E3F260083F222 /* twoSuggestion.h */ = {isa = PBXFileReference; fileEncoding = 4; lastKnownFileType = sourcecode.c.h; path = twoSuggestion.h; sourceTree = "<group>"; };
		E80590D61E1E3F260083F222 /* twoSuggestion.m */ = {isa = PBXFileReference; fileEncoding = 4; lastKnownFileType = sourcecode.c.objc; path = twoSuggestion.m; sourceTree = "<group>"; };
		E80590D71E1E3F260083F222 /* twoTmp.h */ = {isa = PBXFileReference; fileEncoding = 4; lastKnownFileType = sourcecode.c.h; path = twoTmp.h; sourceTree = "<group>"; };
		E80590D81E1E3F260083F222 /* twoTmp.m */ = {isa = PBXFileReference; fileEncoding = 4; lastKnownFileType = sourcecode.c.objc; path = twoTmp.m; sourceTree = "<group>"; };
		E80590D91E1E3F260083F222 /* twoTrav.h */ = {isa = PBXFileReference; fileEncoding = 4; lastKnownFileType = sourcecode.c.h; path = twoTrav.h; sourceTree = "<group>"; };
		E80590DA1E1E3F260083F222 /* twoTrav.m */ = {isa = PBXFileReference; fileEncoding = 4; lastKnownFileType = sourcecode.c.objc; path = twoTrav.m; sourceTree = "<group>"; };
		E80590DB1E1E3F260083F222 /* twoUpdate.h */ = {isa = PBXFileReference; fileEncoding = 4; lastKnownFileType = sourcecode.c.h; path = twoUpdate.h; sourceTree = "<group>"; };
		E80590DC1E1E3F260083F222 /* twoUpdate.m */ = {isa = PBXFileReference; fileEncoding = 4; lastKnownFileType = sourcecode.c.objc; path = twoUpdate.m; sourceTree = "<group>"; };
		E80590DD1E1E3F260083F222 /* twoUv.h */ = {isa = PBXFileReference; fileEncoding = 4; lastKnownFileType = sourcecode.c.h; path = twoUv.h; sourceTree = "<group>"; };
		E80590DE1E1E3F260083F222 /* twoUv.m */ = {isa = PBXFileReference; fileEncoding = 4; lastKnownFileType = sourcecode.c.objc; path = twoUv.m; sourceTree = "<group>"; };
		E80590DF1E1E3F260083F222 /* twoWind.h */ = {isa = PBXFileReference; fileEncoding = 4; lastKnownFileType = sourcecode.c.h; path = twoWind.h; sourceTree = "<group>"; };
		E80590E01E1E3F260083F222 /* twoWind.m */ = {isa = PBXFileReference; fileEncoding = 4; lastKnownFileType = sourcecode.c.objc; path = twoWind.m; sourceTree = "<group>"; };
		E80590F71E1E456B0083F222 /* AFN_Helper_Z.h */ = {isa = PBXFileReference; fileEncoding = 4; lastKnownFileType = sourcecode.c.h; path = AFN_Helper_Z.h; sourceTree = "<group>"; };
		E80590F81E1E456B0083F222 /* AFN_Helper_Z.m */ = {isa = PBXFileReference; fileEncoding = 4; lastKnownFileType = sourcecode.c.objc; path = AFN_Helper_Z.m; sourceTree = "<group>"; };
		E80590FA1E1E461D0083F222 /* MyHttpModel.h */ = {isa = PBXFileReference; fileEncoding = 4; lastKnownFileType = sourcecode.c.h; path = MyHttpModel.h; sourceTree = "<group>"; };
		E80590FB1E1E461D0083F222 /* MyHttpModel.m */ = {isa = PBXFileReference; fileEncoding = 4; lastKnownFileType = sourcecode.c.objc; path = MyHttpModel.m; sourceTree = "<group>"; };
		E80590FD1E1E60280083F222 /* PrefixHeader.pch */ = {isa = PBXFileReference; lastKnownFileType = sourcecode.c.h; path = PrefixHeader.pch; sourceTree = "<group>"; };
		E8FFCB431E1E106500BDBF44 /* coolweather-ios.app */ = {isa = PBXFileReference; explicitFileType = wrapper.application; includeInIndex = 0; path = "coolweather-ios.app"; sourceTree = BUILT_PRODUCTS_DIR; };
		E8FFCB471E1E106500BDBF44 /* main.m */ = {isa = PBXFileReference; lastKnownFileType = sourcecode.c.objc; path = main.m; sourceTree = "<group>"; };
		E8FFCB491E1E106500BDBF44 /* AppDelegate.h */ = {isa = PBXFileReference; lastKnownFileType = sourcecode.c.h; path = AppDelegate.h; sourceTree = "<group>"; };
		E8FFCB4A1E1E106500BDBF44 /* AppDelegate.m */ = {isa = PBXFileReference; lastKnownFileType = sourcecode.c.objc; path = AppDelegate.m; sourceTree = "<group>"; };
		E8FFCB4C1E1E106500BDBF44 /* ViewController.h */ = {isa = PBXFileReference; lastKnownFileType = sourcecode.c.h; path = ViewController.h; sourceTree = "<group>"; };
		E8FFCB4D1E1E106500BDBF44 /* ViewController.m */ = {isa = PBXFileReference; lastKnownFileType = sourcecode.c.objc; path = ViewController.m; sourceTree = "<group>"; };
		E8FFCB501E1E106500BDBF44 /* Base */ = {isa = PBXFileReference; lastKnownFileType = file.storyboard; name = Base; path = Base.lproj/Main.storyboard; sourceTree = "<group>"; };
		E8FFCB521E1E106500BDBF44 /* Assets.xcassets */ = {isa = PBXFileReference; lastKnownFileType = folder.assetcatalog; path = Assets.xcassets; sourceTree = "<group>"; };
		E8FFCB551E1E106500BDBF44 /* Base */ = {isa = PBXFileReference; lastKnownFileType = file.storyboard; name = Base; path = Base.lproj/LaunchScreen.storyboard; sourceTree = "<group>"; };
		E8FFCB571E1E106500BDBF44 /* Info.plist */ = {isa = PBXFileReference; lastKnownFileType = text.plist.xml; path = Info.plist; sourceTree = "<group>"; };
		E8FFCB5C1E1E106500BDBF44 /* coolweather-iosTests.xctest */ = {isa = PBXFileReference; explicitFileType = wrapper.cfbundle; includeInIndex = 0; path = "coolweather-iosTests.xctest"; sourceTree = BUILT_PRODUCTS_DIR; };
		E8FFCB601E1E106500BDBF44 /* coolweather_iosTests.m */ = {isa = PBXFileReference; lastKnownFileType = sourcecode.c.objc; path = coolweather_iosTests.m; sourceTree = "<group>"; };
		E8FFCB621E1E106500BDBF44 /* Info.plist */ = {isa = PBXFileReference; lastKnownFileType = text.plist.xml; path = Info.plist; sourceTree = "<group>"; };
		E8FFCB671E1E106500BDBF44 /* coolweather-iosUITests.xctest */ = {isa = PBXFileReference; explicitFileType = wrapper.cfbundle; includeInIndex = 0; path = "coolweather-iosUITests.xctest"; sourceTree = BUILT_PRODUCTS_DIR; };
		E8FFCB6B1E1E106500BDBF44 /* coolweather_iosUITests.m */ = {isa = PBXFileReference; lastKnownFileType = sourcecode.c.objc; path = coolweather_iosUITests.m; sourceTree = "<group>"; };
		E8FFCB6D1E1E106500BDBF44 /* Info.plist */ = {isa = PBXFileReference; lastKnownFileType = text.plist.xml; path = Info.plist; sourceTree = "<group>"; };
		E8FFCB851E1E158800BDBF44 /* SiderbarVC.h */ = {isa = PBXFileReference; fileEncoding = 4; lastKnownFileType = sourcecode.c.h; path = SiderbarVC.h; sourceTree = "<group>"; };
		E8FFCB861E1E158800BDBF44 /* SiderbarVC.m */ = {isa = PBXFileReference; fileEncoding = 4; lastKnownFileType = sourcecode.c.objc; path = SiderbarVC.m; sourceTree = "<group>"; };
		E8FFCB891E1E15B800BDBF44 /* LLBlurSidebar.h */ = {isa = PBXFileReference; fileEncoding = 4; lastKnownFileType = sourcecode.c.h; path = LLBlurSidebar.h; sourceTree = "<group>"; };
		E8FFCB8A1E1E15B800BDBF44 /* LLBlurSidebar.m */ = {isa = PBXFileReference; fileEncoding = 4; lastKnownFileType = sourcecode.c.objc; path = LLBlurSidebar.m; sourceTree = "<group>"; };
/* End PBXFileReference section */

/* Begin PBXFrameworksBuildPhase section */
		E8FFCB401E1E106400BDBF44 /* Frameworks */ = {
			isa = PBXFrameworksBuildPhase;
			buildActionMask = 2147483647;
			files = (
			);
			runOnlyForDeploymentPostprocessing = 0;
		};
		E8FFCB591E1E106500BDBF44 /* Frameworks */ = {
			isa = PBXFrameworksBuildPhase;
			buildActionMask = 2147483647;
			files = (
			);
			runOnlyForDeploymentPostprocessing = 0;
		};
		E8FFCB641E1E106500BDBF44 /* Frameworks */ = {
			isa = PBXFrameworksBuildPhase;
			buildActionMask = 2147483647;
			files = (
			);
			runOnlyForDeploymentPostprocessing = 0;
		};
/* End PBXFrameworksBuildPhase section */

/* Begin PBXGroup section */
		E80590911E1E20E30083F222 /* picture */ = {
			isa = PBXGroup;
			children = (
				E80590921E1E20E80083F222 /* nav_list_pre.png */,
			);
			path = picture;
			sourceTree = "<group>";
		};
		E80590941E1E2CE90083F222 /* AFNetworking */ = {
			isa = PBXGroup;
			children = (
				E80590951E1E2CE90083F222 /* AFHTTPSessionManager.h */,
				E80590961E1E2CE90083F222 /* AFHTTPSessionManager.m */,
				E80590971E1E2CE90083F222 /* AFNetworking.h */,
				E80590981E1E2CE90083F222 /* AFNetworkReachabilityManager.h */,
				E80590991E1E2CE90083F222 /* AFNetworkReachabilityManager.m */,
				E805909A1E1E2CE90083F222 /* AFSecurityPolicy.h */,
				E805909B1E1E2CE90083F222 /* AFSecurityPolicy.m */,
				E805909C1E1E2CE90083F222 /* AFURLRequestSerialization.h */,
				E805909D1E1E2CE90083F222 /* AFURLRequestSerialization.m */,
				E805909E1E1E2CE90083F222 /* AFURLResponseSerialization.h */,
				E805909F1E1E2CE90083F222 /* AFURLResponseSerialization.m */,
				E80590A01E1E2CE90083F222 /* AFURLSessionManager.h */,
				E80590A11E1E2CE90083F222 /* AFURLSessionManager.m */,
			);
			path = AFNetworking;
			sourceTree = "<group>";
		};
		E8FFCB3A1E1E106400BDBF44 = {
			isa = PBXGroup;
			children = (
				E8FFCB451E1E106500BDBF44 /* coolweather-ios */,
				E8FFCB5F1E1E106500BDBF44 /* coolweather-iosTests */,
				E8FFCB6A1E1E106500BDBF44 /* coolweather-iosUITests */,
				E8FFCB441E1E106500BDBF44 /* Products */,
			);
			sourceTree = "<group>";
		};
		E8FFCB441E1E106500BDBF44 /* Products */ = {
			isa = PBXGroup;
			children = (
				E8FFCB431E1E106500BDBF44 /* coolweather-ios.app */,
				E8FFCB5C1E1E106500BDBF44 /* coolweather-iosTests.xctest */,
				E8FFCB671E1E106500BDBF44 /* coolweather-iosUITests.xctest */,
			);
			name = Products;
			sourceTree = "<group>";
		};
		E8FFCB451E1E106500BDBF44 /* coolweather-ios */ = {
			isa = PBXGroup;
			children = (
				E8FFCB841E1E155500BDBF44 /* Controllers */,
				E8FFCB831E1E154200BDBF44 /* Views */,
				E8FFCB821E1E153800BDBF44 /* Models */,
				E8FFCB7A1E1E10C300BDBF44 /* until */,
				E8FFCB491E1E106500BDBF44 /* AppDelegate.h */,
				E8FFCB4A1E1E106500BDBF44 /* AppDelegate.m */,
				E8FFCB4C1E1E106500BDBF44 /* ViewController.h */,
				E8FFCB4D1E1E106500BDBF44 /* ViewController.m */,
				E8FFCB4F1E1E106500BDBF44 /* Main.storyboard */,
				E8FFCB521E1E106500BDBF44 /* Assets.xcassets */,
				E8FFCB541E1E106500BDBF44 /* LaunchScreen.storyboard */,
				E8FFCB571E1E106500BDBF44 /* Info.plist */,
				E8FFCB461E1E106500BDBF44 /* Supporting Files */,
			);
			path = "coolweather-ios";
			sourceTree = "<group>";
		};
		E8FFCB461E1E106500BDBF44 /* Supporting Files */ = {
			isa = PBXGroup;
			children = (
				E8FFCB471E1E106500BDBF44 /* main.m */,
				E80590FD1E1E60280083F222 /* PrefixHeader.pch */,
			);
			name = "Supporting Files";
			sourceTree = "<group>";
		};
		E8FFCB5F1E1E106500BDBF44 /* coolweather-iosTests */ = {
			isa = PBXGroup;
			children = (
				E8FFCB601E1E106500BDBF44 /* coolweather_iosTests.m */,
				E8FFCB621E1E106500BDBF44 /* Info.plist */,
			);
			path = "coolweather-iosTests";
			sourceTree = "<group>";
		};
		E8FFCB6A1E1E106500BDBF44 /* coolweather-iosUITests */ = {
			isa = PBXGroup;
			children = (
				E8FFCB6B1E1E106500BDBF44 /* coolweather_iosUITests.m */,
				E8FFCB6D1E1E106500BDBF44 /* Info.plist */,
			);
			path = "coolweather-iosUITests";
			sourceTree = "<group>";
		};
		E8FFCB7A1E1E10C300BDBF44 /* until */ = {
			isa = PBXGroup;
			children = (
				E80590FA1E1E461D0083F222 /* MyHttpModel.h */,
				E80590FB1E1E461D0083F222 /* MyHttpModel.m */,
				E80590F71E1E456B0083F222 /* AFN_Helper_Z.h */,
				E80590F81E1E456B0083F222 /* AFN_Helper_Z.m */,
				E80590941E1E2CE90083F222 /* AFNetworking */,
				E80590911E1E20E30083F222 /* picture */,
				E8FFCB881E1E15AC00BDBF44 /* LLBlurSidebar */,
			);
			path = until;
			sourceTree = "<group>";
		};
		E8FFCB821E1E153800BDBF44 /* Models */ = {
			isa = PBXGroup;
			children = (
				E80590B41E1E3F260083F222 /* DataModels.h */,
				E80590B51E1E3F260083F222 /* twoAir.h */,
				E80590B61E1E3F260083F222 /* twoAir.m */,
				E80590B71E1E3F260083F222 /* twoAqi.h */,
				E80590B81E1E3F260083F222 /* twoAqi.m */,
				E80590B91E1E3F260083F222 /* twoAstro.h */,
				E80590BA1E1E3F260083F222 /* twoAstro.m */,
				E80590BB1E1E3F260083F222 /* twoBasic.h */,
				E80590BC1E1E3F260083F222 /* twoBasic.m */,
				E80590BD1E1E3F260083F222 /* twoCity.h */,
				E80590BE1E1E3F260083F222 /* twoCity.m */,
				E80590BF1E1E3F260083F222 /* twoComf.h */,
				E80590C01E1E3F260083F222 /* twoComf.m */,
				E80590C11E1E3F260083F222 /* twoCond.h */,
				E80590C21E1E3F260083F222 /* twoCond.m */,
				E80590C31E1E3F260083F222 /* twoCw.h */,
				E80590C41E1E3F260083F222 /* twoCw.m */,
				E80590C51E1E3F260083F222 /* twoDailyForecast.h */,
				E80590C61E1E3F260083F222 /* twoDailyForecast.m */,
				E80590C71E1E3F260083F222 /* twoDrsg.h */,
				E80590C81E1E3F260083F222 /* twoDrsg.m */,
				E80590C91E1E3F260083F222 /* twoFlu.h */,
				E80590CA1E1E3F260083F222 /* twoFlu.m */,
				E80590CB1E1E3F260083F222 /* twoHeWeather.h */,
				E80590CC1E1E3F260083F222 /* twoHeWeather.m */,
				E80590CD1E1E3F260083F222 /* twoHourlyForecast.h */,
				E80590CE1E1E3F260083F222 /* twoHourlyForecast.m */,
				E80590CF1E1E3F260083F222 /* twoModel.h */,
				E80590D01E1E3F260083F222 /* twoModel.m */,
				E80590D11E1E3F260083F222 /* twoNow.h */,
				E80590D21E1E3F260083F222 /* twoNow.m */,
				E80590D31E1E3F260083F222 /* twoSport.h */,
				E80590D41E1E3F260083F222 /* twoSport.m */,
				E80590D51E1E3F260083F222 /* twoSuggestion.h */,
				E80590D61E1E3F260083F222 /* twoSuggestion.m */,
				E80590D71E1E3F260083F222 /* twoTmp.h */,
				E80590D81E1E3F260083F222 /* twoTmp.m */,
				E80590D91E1E3F260083F222 /* twoTrav.h */,
				E80590DA1E1E3F260083F222 /* twoTrav.m */,
				E80590DB1E1E3F260083F222 /* twoUpdate.h */,
				E80590DC1E1E3F260083F222 /* twoUpdate.m */,
				E80590DD1E1E3F260083F222 /* twoUv.h */,
				E80590DE1E1E3F260083F222 /* twoUv.m */,
				E80590DF1E1E3F260083F222 /* twoWind.h */,
				E80590E01E1E3F260083F222 /* twoWind.m */,
			);
			path = Models;
			sourceTree = "<group>";
		};
		E8FFCB831E1E154200BDBF44 /* Views */ = {
			isa = PBXGroup;
			children = (
				E80590A81E1E38C20083F222 /* Cell1.h */,
				E80590A91E1E38C20083F222 /* Cell1.m */,
				E80590AB1E1E38D00083F222 /* Cell2.h */,
				E80590AC1E1E38D00083F222 /* Cell2.m */,
				E80590AE1E1E38E00083F222 /* Cell3.h */,
				E80590AF1E1E38E00083F222 /* Cell3.m */,
				E80590B11E1E38EE0083F222 /* Cell4.h */,
				E80590B21E1E38EE0083F222 /* Cell4.m */,
			);
			path = Views;
			sourceTree = "<group>";
		};
		E8FFCB841E1E155500BDBF44 /* Controllers */ = {
			isa = PBXGroup;
			children = (
				E8FFCB851E1E158800BDBF44 /* SiderbarVC.h */,
				E8FFCB861E1E158800BDBF44 /* SiderbarVC.m */,
			);
			path = Controllers;
			sourceTree = "<group>";
		};
		E8FFCB881E1E15AC00BDBF44 /* LLBlurSidebar */ = {
			isa = PBXGroup;
			children = (
				E8FFCB891E1E15B800BDBF44 /* LLBlurSidebar.h */,
				E8FFCB8A1E1E15B800BDBF44 /* LLBlurSidebar.m */,
			);
			path = LLBlurSidebar;
			sourceTree = "<group>";
		};
/* End PBXGroup section */

/* Begin PBXNativeTarget section */
		E8FFCB421E1E106400BDBF44 /* coolweather-ios */ = {
			isa = PBXNativeTarget;
			buildConfigurationList = E8FFCB701E1E106500BDBF44 /* Build configuration list for PBXNativeTarget "coolweather-ios" */;
			buildPhases = (
				E8FFCB3F1E1E106400BDBF44 /* Sources */,
				E8FFCB401E1E106400BDBF44 /* Frameworks */,
				E8FFCB411E1E106400BDBF44 /* Resources */,
			);
			buildRules = (
			);
			dependencies = (
			);
			name = "coolweather-ios";
			productName = "coolweather-ios";
			productReference = E8FFCB431E1E106500BDBF44 /* coolweather-ios.app */;
			productType = "com.apple.product-type.application";
		};
		E8FFCB5B1E1E106500BDBF44 /* coolweather-iosTests */ = {
			isa = PBXNativeTarget;
			buildConfigurationList = E8FFCB731E1E106500BDBF44 /* Build configuration list for PBXNativeTarget "coolweather-iosTests" */;
			buildPhases = (
				E8FFCB581E1E106500BDBF44 /* Sources */,
				E8FFCB591E1E106500BDBF44 /* Frameworks */,
				E8FFCB5A1E1E106500BDBF44 /* Resources */,
			);
			buildRules = (
			);
			dependencies = (
				E8FFCB5E1E1E106500BDBF44 /* PBXTargetDependency */,
			);
			name = "coolweather-iosTests";
			productName = "coolweather-iosTests";
			productReference = E8FFCB5C1E1E106500BDBF44 /* coolweather-iosTests.xctest */;
			productType = "com.apple.product-type.bundle.unit-test";
		};
		E8FFCB661E1E106500BDBF44 /* coolweather-iosUITests */ = {
			isa = PBXNativeTarget;
			buildConfigurationList = E8FFCB761E1E106500BDBF44 /* Build configuration list for PBXNativeTarget "coolweather-iosUITests" */;
			buildPhases = (
				E8FFCB631E1E106500BDBF44 /* Sources */,
				E8FFCB641E1E106500BDBF44 /* Frameworks */,
				E8FFCB651E1E106500BDBF44 /* Resources */,
			);
			buildRules = (
			);
			dependencies = (
				E8FFCB691E1E106500BDBF44 /* PBXTargetDependency */,
			);
			name = "coolweather-iosUITests";
			productName = "coolweather-iosUITests";
			productReference = E8FFCB671E1E106500BDBF44 /* coolweather-iosUITests.xctest */;
			productType = "com.apple.product-type.bundle.ui-testing";
		};
/* End PBXNativeTarget section */

/* Begin PBXProject section */
		E8FFCB3B1E1E106400BDBF44 /* Project object */ = {
			isa = PBXProject;
			attributes = {
				LastUpgradeCheck = 0810;
				ORGANIZATIONNAME = silence;
				TargetAttributes = {
					E8FFCB421E1E106400BDBF44 = {
						CreatedOnToolsVersion = 8.1;
						ProvisioningStyle = Automatic;
					};
					E8FFCB5B1E1E106500BDBF44 = {
						CreatedOnToolsVersion = 8.1;
						ProvisioningStyle = Automatic;
						TestTargetID = E8FFCB421E1E106400BDBF44;
					};
					E8FFCB661E1E106500BDBF44 = {
						CreatedOnToolsVersion = 8.1;
						ProvisioningStyle = Automatic;
						TestTargetID = E8FFCB421E1E106400BDBF44;
					};
				};
			};
			buildConfigurationList = E8FFCB3E1E1E106400BDBF44 /* Build configuration list for PBXProject "coolweather-ios" */;
			compatibilityVersion = "Xcode 3.2";
			developmentRegion = English;
			hasScannedForEncodings = 0;
			knownRegions = (
				en,
				Base,
			);
			mainGroup = E8FFCB3A1E1E106400BDBF44;
			productRefGroup = E8FFCB441E1E106500BDBF44 /* Products */;
			projectDirPath = "";
			projectRoot = "";
			targets = (
				E8FFCB421E1E106400BDBF44 /* coolweather-ios */,
				E8FFCB5B1E1E106500BDBF44 /* coolweather-iosTests */,
				E8FFCB661E1E106500BDBF44 /* coolweather-iosUITests */,
			);
		};
/* End PBXProject section */

/* Begin PBXResourcesBuildPhase section */
		E8FFCB411E1E106400BDBF44 /* Resources */ = {
			isa = PBXResourcesBuildPhase;
			buildActionMask = 2147483647;
			files = (
				E8FFCB561E1E106500BDBF44 /* LaunchScreen.storyboard in Resources */,
				E80590931E1E20E80083F222 /* nav_list_pre.png in Resources */,
				E8FFCB531E1E106500BDBF44 /* Assets.xcassets in Resources */,
				E8FFCB511E1E106500BDBF44 /* Main.storyboard in Resources */,
			);
			runOnlyForDeploymentPostprocessing = 0;
		};
		E8FFCB5A1E1E106500BDBF44 /* Resources */ = {
			isa = PBXResourcesBuildPhase;
			buildActionMask = 2147483647;
			files = (
			);
			runOnlyForDeploymentPostprocessing = 0;
		};
		E8FFCB651E1E106500BDBF44 /* Resources */ = {
			isa = PBXResourcesBuildPhase;
			buildActionMask = 2147483647;
			files = (
			);
			runOnlyForDeploymentPostprocessing = 0;
		};
/* End PBXResourcesBuildPhase section */

/* Begin PBXSourcesBuildPhase section */
		E8FFCB3F1E1E106400BDBF44 /* Sources */ = {
			isa = PBXSourcesBuildPhase;
			buildActionMask = 2147483647;
			files = (
				E80590A51E1E2CE90083F222 /* AFURLRequestSerialization.m in Sources */,
				E8FFCB871E1E158800BDBF44 /* SiderbarVC.m in Sources */,
				E8FFCB4E1E1E106500BDBF44 /* ViewController.m in Sources */,
				E80590E51E1E3F260083F222 /* twoCity.m in Sources */,
				E80590E71E1E3F260083F222 /* twoCond.m in Sources */,
				E80590E21E1E3F260083F222 /* twoAqi.m in Sources */,
				E80590E81E1E3F260083F222 /* twoCw.m in Sources */,
				E80590AA1E1E38C20083F222 /* Cell1.m in Sources */,
				E8FFCB8B1E1E15B800BDBF44 /* LLBlurSidebar.m in Sources */,
				E80590FC1E1E461D0083F222 /* MyHttpModel.m in Sources */,
				E80590E91E1E3F260083F222 /* twoDailyForecast.m in Sources */,
				E80590F21E1E3F260083F222 /* twoTmp.m in Sources */,
				E80590F01E1E3F260083F222 /* twoSport.m in Sources */,
				E80590EE1E1E3F260083F222 /* twoModel.m in Sources */,
				E80590F11E1E3F260083F222 /* twoSuggestion.m in Sources */,
				E80590E31E1E3F260083F222 /* twoAstro.m in Sources */,
				E80590A71E1E2CE90083F222 /* AFURLSessionManager.m in Sources */,
				E80590A61E1E2CE90083F222 /* AFURLResponseSerialization.m in Sources */,
				E80590AD1E1E38D00083F222 /* Cell2.m in Sources */,
				E80590E41E1E3F260083F222 /* twoBasic.m in Sources */,
				E80590EA1E1E3F260083F222 /* twoDrsg.m in Sources */,
				E80590A31E1E2CE90083F222 /* AFNetworkReachabilityManager.m in Sources */,
				E80590EC1E1E3F260083F222 /* twoHeWeather.m in Sources */,
				E80590E11E1E3F260083F222 /* twoAir.m in Sources */,
				E80590F61E1E3F260083F222 /* twoWind.m in Sources */,
				E80590F91E1E456B0083F222 /* AFN_Helper_Z.m in Sources */,
				E80590B31E1E38EE0083F222 /* Cell4.m in Sources */,
				E80590A41E1E2CE90083F222 /* AFSecurityPolicy.m in Sources */,
				E80590A21E1E2CE90083F222 /* AFHTTPSessionManager.m in Sources */,
				E80590F41E1E3F260083F222 /* twoUpdate.m in Sources */,
				E80590F51E1E3F260083F222 /* twoUv.m in Sources */,
				E80590EF1E1E3F260083F222 /* twoNow.m in Sources */,
				E80590ED1E1E3F260083F222 /* twoHourlyForecast.m in Sources */,
				E80590E61E1E3F260083F222 /* twoComf.m in Sources */,
				E80590B01E1E38E00083F222 /* Cell3.m in Sources */,
				E8FFCB4B1E1E106500BDBF44 /* AppDelegate.m in Sources */,
				E80590EB1E1E3F260083F222 /* twoFlu.m in Sources */,
				E8FFCB481E1E106500BDBF44 /* main.m in Sources */,
				E80590F31E1E3F260083F222 /* twoTrav.m in Sources */,
			);
			runOnlyForDeploymentPostprocessing = 0;
		};
		E8FFCB581E1E106500BDBF44 /* Sources */ = {
			isa = PBXSourcesBuildPhase;
			buildActionMask = 2147483647;
			files = (
				E8FFCB611E1E106500BDBF44 /* coolweather_iosTests.m in Sources */,
			);
			runOnlyForDeploymentPostprocessing = 0;
		};
		E8FFCB631E1E106500BDBF44 /* Sources */ = {
			isa = PBXSourcesBuildPhase;
			buildActionMask = 2147483647;
			files = (
				E8FFCB6C1E1E106500BDBF44 /* coolweather_iosUITests.m in Sources */,
			);
			runOnlyForDeploymentPostprocessing = 0;
		};
/* End PBXSourcesBuildPhase section */

/* Begin PBXTargetDependency section */
		E8FFCB5E1E1E106500BDBF44 /* PBXTargetDependency */ = {
			isa = PBXTargetDependency;
			target = E8FFCB421E1E106400BDBF44 /* coolweather-ios */;
			targetProxy = E8FFCB5D1E1E106500BDBF44 /* PBXContainerItemProxy */;
		};
		E8FFCB691E1E106500BDBF44 /* PBXTargetDependency */ = {
			isa = PBXTargetDependency;
			target = E8FFCB421E1E106400BDBF44 /* coolweather-ios */;
			targetProxy = E8FFCB681E1E106500BDBF44 /* PBXContainerItemProxy */;
		};
/* End PBXTargetDependency section */

/* Begin PBXVariantGroup section */
		E8FFCB4F1E1E106500BDBF44 /* Main.storyboard */ = {
			isa = PBXVariantGroup;
			children = (
				E8FFCB501E1E106500BDBF44 /* Base */,
			);
			name = Main.storyboard;
			sourceTree = "<group>";
		};
		E8FFCB541E1E106500BDBF44 /* LaunchScreen.storyboard */ = {
			isa = PBXVariantGroup;
			children = (
				E8FFCB551E1E106500BDBF44 /* Base */,
			);
			name = LaunchScreen.storyboard;
			sourceTree = "<group>";
		};
/* End PBXVariantGroup section */

/* Begin XCBuildConfiguration section */
		E8FFCB6E1E1E106500BDBF44 /* Debug */ = {
			isa = XCBuildConfiguration;
			buildSettings = {
				ALWAYS_SEARCH_USER_PATHS = NO;
				CLANG_ANALYZER_NONNULL = YES;
				CLANG_CXX_LANGUAGE_STANDARD = "gnu++0x";
				CLANG_CXX_LIBRARY = "libc++";
				CLANG_ENABLE_MODULES = YES;
				CLANG_ENABLE_OBJC_ARC = YES;
				CLANG_WARN_BOOL_CONVERSION = YES;
				CLANG_WARN_CONSTANT_CONVERSION = YES;
				CLANG_WARN_DIRECT_OBJC_ISA_USAGE = YES_ERROR;
				CLANG_WARN_DOCUMENTATION_COMMENTS = YES;
				CLANG_WARN_EMPTY_BODY = YES;
				CLANG_WARN_ENUM_CONVERSION = YES;
				CLANG_WARN_INFINITE_RECURSION = YES;
				CLANG_WARN_INT_CONVERSION = YES;
				CLANG_WARN_OBJC_ROOT_CLASS = YES_ERROR;
				CLANG_WARN_SUSPICIOUS_MOVES = YES;
				CLANG_WARN_UNREACHABLE_CODE = YES;
				CLANG_WARN__DUPLICATE_METHOD_MATCH = YES;
				"CODE_SIGN_IDENTITY[sdk=iphoneos*]" = "iPhone Developer";
				COPY_PHASE_STRIP = NO;
				DEBUG_INFORMATION_FORMAT = dwarf;
				ENABLE_STRICT_OBJC_MSGSEND = YES;
				ENABLE_TESTABILITY = YES;
				GCC_C_LANGUAGE_STANDARD = gnu99;
				GCC_DYNAMIC_NO_PIC = NO;
				GCC_NO_COMMON_BLOCKS = YES;
				GCC_OPTIMIZATION_LEVEL = 0;
				GCC_PREPROCESSOR_DEFINITIONS = (
					"DEBUG=1",
					"$(inherited)",
				);
				GCC_WARN_64_TO_32_BIT_CONVERSION = YES;
				GCC_WARN_ABOUT_RETURN_TYPE = YES_ERROR;
				GCC_WARN_UNDECLARED_SELECTOR = YES;
				GCC_WARN_UNINITIALIZED_AUTOS = YES_AGGRESSIVE;
				GCC_WARN_UNUSED_FUNCTION = YES;
				GCC_WARN_UNUSED_VARIABLE = YES;
				IPHONEOS_DEPLOYMENT_TARGET = 10.1;
				MTL_ENABLE_DEBUG_INFO = YES;
				ONLY_ACTIVE_ARCH = YES;
				SDKROOT = iphoneos;
				TARGETED_DEVICE_FAMILY = "1,2";
			};
			name = Debug;
		};
		E8FFCB6F1E1E106500BDBF44 /* Release */ = {
			isa = XCBuildConfiguration;
			buildSettings = {
				ALWAYS_SEARCH_USER_PATHS = NO;
				CLANG_ANALYZER_NONNULL = YES;
				CLANG_CXX_LANGUAGE_STANDARD = "gnu++0x";
				CLANG_CXX_LIBRARY = "libc++";
				CLANG_ENABLE_MODULES = YES;
				CLANG_ENABLE_OBJC_ARC = YES;
				CLANG_WARN_BOOL_CONVERSION = YES;
				CLANG_WARN_CONSTANT_CONVERSION = YES;
				CLANG_WARN_DIRECT_OBJC_ISA_USAGE = YES_ERROR;
				CLANG_WARN_DOCUMENTATION_COMMENTS = YES;
				CLANG_WARN_EMPTY_BODY = YES;
				CLANG_WARN_ENUM_CONVERSION = YES;
				CLANG_WARN_INFINITE_RECURSION = YES;
				CLANG_WARN_INT_CONVERSION = YES;
				CLANG_WARN_OBJC_ROOT_CLASS = YES_ERROR;
				CLANG_WARN_SUSPICIOUS_MOVES = YES;
				CLANG_WARN_UNREACHABLE_CODE = YES;
				CLANG_WARN__DUPLICATE_METHOD_MATCH = YES;
				"CODE_SIGN_IDENTITY[sdk=iphoneos*]" = "iPhone Developer";
				COPY_PHASE_STRIP = NO;
				DEBUG_INFORMATION_FORMAT = "dwarf-with-dsym";
				ENABLE_NS_ASSERTIONS = NO;
				ENABLE_STRICT_OBJC_MSGSEND = YES;
				GCC_C_LANGUAGE_STANDARD = gnu99;
				GCC_NO_COMMON_BLOCKS = YES;
				GCC_WARN_64_TO_32_BIT_CONVERSION = YES;
				GCC_WARN_ABOUT_RETURN_TYPE = YES_ERROR;
				GCC_WARN_UNDECLARED_SELECTOR = YES;
				GCC_WARN_UNINITIALIZED_AUTOS = YES_AGGRESSIVE;
				GCC_WARN_UNUSED_FUNCTION = YES;
				GCC_WARN_UNUSED_VARIABLE = YES;
				IPHONEOS_DEPLOYMENT_TARGET = 10.1;
				MTL_ENABLE_DEBUG_INFO = NO;
				SDKROOT = iphoneos;
				TARGETED_DEVICE_FAMILY = "1,2";
				VALIDATE_PRODUCT = YES;
			};
			name = Release;
		};
		E8FFCB711E1E106500BDBF44 /* Debug */ = {
			isa = XCBuildConfiguration;
			buildSettings = {
				ASSETCATALOG_COMPILER_APPICON_NAME = AppIcon;
				GCC_PRECOMPILE_PREFIX_HEADER = YES;
				GCC_PREFIX_HEADER = "$(SRCROOT)/coolweather-ios/PrefixHeader.pch";
				INFOPLIST_FILE = "coolweather-ios/Info.plist";
				LD_RUNPATH_SEARCH_PATHS = "$(inherited) @executable_path/Frameworks";
				PRODUCT_BUNDLE_IDENTIFIER = "as.coolweather-ios";
				PRODUCT_NAME = "$(TARGET_NAME)";
			};
			name = Debug;
		};
		E8FFCB721E1E106500BDBF44 /* Release */ = {
			isa = XCBuildConfiguration;
			buildSettings = {
				ASSETCATALOG_COMPILER_APPICON_NAME = AppIcon;
				GCC_PRECOMPILE_PREFIX_HEADER = YES;
				GCC_PREFIX_HEADER = "$(SRCROOT)/coolweather-ios/PrefixHeader.pch";
				INFOPLIST_FILE = "coolweather-ios/Info.plist";
				LD_RUNPATH_SEARCH_PATHS = "$(inherited) @executable_path/Frameworks";
				PRODUCT_BUNDLE_IDENTIFIER = "as.coolweather-ios";
				PRODUCT_NAME = "$(TARGET_NAME)";
			};
			name = Release;
		};
		E8FFCB741E1E106500BDBF44 /* Debug */ = {
			isa = XCBuildConfiguration;
			buildSettings = {
				BUNDLE_LOADER = "$(TEST_HOST)";
				INFOPLIST_FILE = "coolweather-iosTests/Info.plist";
				LD_RUNPATH_SEARCH_PATHS = "$(inherited) @executable_path/Frameworks @loader_path/Frameworks";
				PRODUCT_BUNDLE_IDENTIFIER = "as.coolweather-iosTests";
				PRODUCT_NAME = "$(TARGET_NAME)";
				TEST_HOST = "$(BUILT_PRODUCTS_DIR)/coolweather-ios.app/coolweather-ios";
			};
			name = Debug;
		};
		E8FFCB751E1E106500BDBF44 /* Release */ = {
			isa = XCBuildConfiguration;
			buildSettings = {
				BUNDLE_LOADER = "$(TEST_HOST)";
				INFOPLIST_FILE = "coolweather-iosTests/Info.plist";
				LD_RUNPATH_SEARCH_PATHS = "$(inherited) @executable_path/Frameworks @loader_path/Frameworks";
				PRODUCT_BUNDLE_IDENTIFIER = "as.coolweather-iosTests";
				PRODUCT_NAME = "$(TARGET_NAME)";
				TEST_HOST = "$(BUILT_PRODUCTS_DIR)/coolweather-ios.app/coolweather-ios";
			};
			name = Release;
		};
		E8FFCB771E1E106500BDBF44 /* Debug */ = {
			isa = XCBuildConfiguration;
			buildSettings = {
				INFOPLIST_FILE = "coolweather-iosUITests/Info.plist";
				LD_RUNPATH_SEARCH_PATHS = "$(inherited) @executable_path/Frameworks @loader_path/Frameworks";
				PRODUCT_BUNDLE_IDENTIFIER = "as.coolweather-iosUITests";
				PRODUCT_NAME = "$(TARGET_NAME)";
				TEST_TARGET_NAME = "coolweather-ios";
			};
			name = Debug;
		};
		E8FFCB781E1E106500BDBF44 /* Release */ = {
			isa = XCBuildConfiguration;
			buildSettings = {
				INFOPLIST_FILE = "coolweather-iosUITests/Info.plist";
				LD_RUNPATH_SEARCH_PATHS = "$(inherited) @executable_path/Frameworks @loader_path/Frameworks";
				PRODUCT_BUNDLE_IDENTIFIER = "as.coolweather-iosUITests";
				PRODUCT_NAME = "$(TARGET_NAME)";
				TEST_TARGET_NAME = "coolweather-ios";
			};
			name = Release;
		};
/* End XCBuildConfiguration section */

/* Begin XCConfigurationList section */
		E8FFCB3E1E1E106400BDBF44 /* Build configuration list for PBXProject "coolweather-ios" */ = {
			isa = XCConfigurationList;
			buildConfigurations = (
				E8FFCB6E1E1E106500BDBF44 /* Debug */,
				E8FFCB6F1E1E106500BDBF44 /* Release */,
			);
			defaultConfigurationIsVisible = 0;
			defaultConfigurationName = Release;
		};
		E8FFCB701E1E106500BDBF44 /* Build configuration list for PBXNativeTarget "coolweather-ios" */ = {
			isa = XCConfigurationList;
			buildConfigurations = (
				E8FFCB711E1E106500BDBF44 /* Debug */,
				E8FFCB721E1E106500BDBF44 /* Release */,
			);
			defaultConfigurationIsVisible = 0;
			defaultConfigurationName = Release;
		};
		E8FFCB731E1E106500BDBF44 /* Build configuration list for PBXNativeTarget "coolweather-iosTests" */ = {
			isa = XCConfigurationList;
			buildConfigurations = (
				E8FFCB741E1E106500BDBF44 /* Debug */,
				E8FFCB751E1E106500BDBF44 /* Release */,
			);
			defaultConfigurationIsVisible = 0;
			defaultConfigurationName = Release;
		};
		E8FFCB761E1E106500BDBF44 /* Build configuration list for PBXNativeTarget "coolweather-iosUITests" */ = {
			isa = XCConfigurationList;
			buildConfigurations = (
				E8FFCB771E1E106500BDBF44 /* Debug */,
				E8FFCB781E1E106500BDBF44 /* Release */,
			);
			defaultConfigurationIsVisible = 0;
			defaultConfigurationName = Release;
		};
/* End XCConfigurationList section */
	};
	rootObject = E8FFCB3B1E1E106400BDBF44 /* Project object */;
}
